{
  "nodes": {
    "background": {
      "flake": false,
      "locked": {
        "narHash": "sha256-Eb8qC6L8r6ZirIZk8a+p4Y10VWKJoWKtpDUXJpKNVRk=",
        "type": "file",
        "url": "https://images.wallpaperscraft.com/image/single/lake_mountains_landscape_1231510_1920x1080.jpg"
      },
      "original": {
        "type": "file",
        "url": "https://images.wallpaperscraft.com/image/single/lake_mountains_landscape_1231510_1920x1080.jpg"
      }
    },
    "flake-parts": {
      "inputs": {
        "nixpkgs-lib": [
          "nur",
          "nixpkgs"
        ]
      },
      "locked": {
        "lastModified": 1733312601,
        "narHash": "sha256-4pDvzqnegAfRkPwO3wmwBhVi/Sye1mzps0zHWYnP88c=",
        "owner": "hercules-ci",
        "repo": "flake-parts",
        "rev": "205b12d8b7cd4802fbcb8e8ef6a0f1408781a4f9",
        "type": "github"
      },
      "original": {
        "owner": "hercules-ci",
        "repo": "flake-parts",
        "type": "github"
      }
    },
    "home-manager": {
      "inputs": {
        "nixpkgs": [
          "nixpkgs"
        ]
      },
      "locked": {
        "lastModified": 1736373539,
        "narHash": "sha256-dinzAqCjenWDxuy+MqUQq0I4zUSfaCvN9rzuCmgMZJY=",
        "owner": "nix-community",
        "repo": "home-manager",
        "rev": "bd65bc3cde04c16755955630b344bc9e35272c56",
        "type": "github"
      },
      "original": {
        "owner": "nix-community",
        "ref": "release-24.11",
        "repo": "home-manager",
        "type": "github"
      }
    },
    "nixpkgs": {
      "locked": {
        "lastModified": 1736684107,
        "narHash": "sha256-vH5mXxEvZeoGNkqKoCluhTGfoeXCZ1seYhC2pbMN0sg=",
        "owner": "nixos",
        "repo": "nixpkgs",
        "rev": "635e887b48521e912a516625eee7df6cf0eba9c1",
        "type": "github"
      },
      "original": {
        "owner": "nixos",
        "ref": "nixos-24.11",
        "repo": "nixpkgs",
        "type": "github"
      }
    },
    "nur": {
      "inputs": {
        "flake-parts": "flake-parts",
        "nixpkgs": [
          "nixpkgs"
        ],
        "treefmt-nix": "treefmt-nix"
      },
      "locked": {
        "lastModified": 1737243248,
        "narHash": "sha256-FS0EQ1WY60GDBIL1PE89c2SYuiy02Aqi4LPZMWjt4M8=",
        "owner": "nix-community",
        "repo": "NUR",
        "rev": "e1d04292a91934ea92442f5bdae54c7f495f6e10",
        "type": "github"
      },
      "original": {
        "owner": "nix-community",
        "repo": "NUR",
        "type": "github"
      }
    },
    "proton-calendar": {
      "flake": false,
      "locked": {
        "narHash": "sha256-dnFKkGewXP6p5ICf3AnLDTC5VyZ6IleCgW4ZRO5v1Kw=",
        "type": "file",
        "url": "https://raw.githubusercontent.com/ProtonMail/WebClients/2dac2f08a7969fe16160b22defb8392c20ef48a0/applications/calendar/src/favicon.svg"
      },
      "original": {
        "type": "file",
        "url": "https://raw.githubusercontent.com/ProtonMail/WebClients/2dac2f08a7969fe16160b22defb8392c20ef48a0/applications/calendar/src/favicon.svg"
      }
    },
    "proton-mail": {
      "flake": false,
      "locked": {
        "narHash": "sha256-GbdutcBohlu1fYk3XkdsvTzG+lLOmK8WdilwbTsbCt4=",
        "type": "file",
        "url": "https://raw.githubusercontent.com/ProtonMail/WebClients/2dac2f08a7969fe16160b22defb8392c20ef48a0/applications/mail/src/favicon.svg"
      },
      "original": {
        "type": "file",
        "url": "https://raw.githubusercontent.com/ProtonMail/WebClients/2dac2f08a7969fe16160b22defb8392c20ef48a0/applications/mail/src/favicon.svg"
      }
    },
    "root": {
      "inputs": {
        "background": "background",
        "home-manager": "home-manager",
        "nixpkgs": "nixpkgs",
        "nur": "nur",
        "proton-calendar": "proton-calendar",
        "proton-mail": "proton-mail"
      }
    },
    "treefmt-nix": {
      "inputs": {
        "nixpkgs": [
          "nur",
          "nixpkgs"
        ]
      },
      "locked": {
        "lastModified": 1733222881,
        "narHash": "sha256-JIPcz1PrpXUCbaccEnrcUS8jjEb/1vJbZz5KkobyFdM=",
        "owner": "numtide",
        "repo": "treefmt-nix",
        "rev": "49717b5af6f80172275d47a418c9719a31a78b53",
        "type": "github"
      },
      "original": {
        "owner": "numtide",
        "repo": "treefmt-nix",
        "type": "github"
      }
    }
  },
  "root": "root",
  "version": 7
}
